
Microsoft Visual Studio Solution File, Format Version 12.00
# Visual Studio 14
VisualStudioVersion = 14.0.25420.1
MinimumVisualStudioVersion = 10.0.40219.1
Project("{FAE04EC0-301F-11D3-BF4B-00C04F79EFBC}") = "AboutMeXAML", "AboutMeXAML\AboutMeXAML\AboutMeXAML.csproj", "{7D94C0CA-966F-4FE5-8378-99D99470BDF2}"
EndProject
Project("{FAE04EC0-301F-11D3-BF4B-00C04F79EFBC}") = "AboutMeXAML.Droid", "AboutMeXAML\AboutMeXAML.Droid\AboutMeXAML.Droid.csproj", "{24E94769-CF26-4E4D-BD3B-2B765D69E0A0}"
EndProject
Project("{FAE04EC0-301F-11D3-BF4B-00C04F79EFBC}") = "AboutMeXAML.iOS", "AboutMeXAML\AboutMeXAML.iOS\AboutMeXAML.iOS.csproj", "{DEB122B9-ACC3-4BE8-B2D9-5B0F830233B5}"
EndProject
Project("{FAE04EC0-301F-11D3-BF4B-00C04F79EFBC}") = "AboutMeXAML.WinPhone", "AboutMeXAML\AboutMeXAML.WinPhone\AboutMeXAML.WinPhone.csproj", "{4C53FEBA-AC17-418D-B921-86593397DF3E}"
EndProject
Project("{FAE04EC0-301F-11D3-BF4B-00C04F79EFBC}") = "AboutMeXAML.Windows", "AboutMeXAML\AboutMeXAML.Windows\AboutMeXAML.Windows.csproj", "{F3F9A5A8-A4C1-4D35-930F-F7ADF74ACD4F}"
EndProject
Global
	GlobalSection(SolutionConfigurationPlatforms) = preSolution
		Ad-Hoc|Any CPU = Ad-Hoc|Any CPU
		Ad-Hoc|ARM = Ad-Hoc|ARM
		Ad-Hoc|iPhone = Ad-Hoc|iPhone
		Ad-Hoc|iPhoneSimulator = Ad-Hoc|iPhoneSimulator
		Ad-Hoc|x64 = Ad-Hoc|x64
		Ad-Hoc|x86 = Ad-Hoc|x86
		AppStore|Any CPU = AppStore|Any CPU
		AppStore|ARM = AppStore|ARM
		AppStore|iPhone = AppStore|iPhone
		AppStore|iPhoneSimulator = AppStore|iPhoneSimulator
		AppStore|x64 = AppStore|x64
		AppStore|x86 = AppStore|x86
		Debug|Any CPU = Debug|Any CPU
		Debug|ARM = Debug|ARM
		Debug|iPhone = Debug|iPhone
		Debug|iPhoneSimulator = Debug|iPhoneSimulator
		Debug|x64 = Debug|x64
		Debug|x86 = Debug|x86
		Release|Any CPU = Release|Any CPU
		Release|ARM = Release|ARM
		Release|iPhone = Release|iPhone
		Release|iPhoneSimulator = Release|iPhoneSimulator
		Release|x64 = Release|x64
		Release|x86 = Release|x86
	EndGlobalSection
	GlobalSection(ProjectConfigurationPlatforms) = postSolution
		{7D94C0CA-966F-4FE5-8378-99D99470BDF2}.Ad-Hoc|Any CPU.ActiveCfg = Release|Any CPU
		{7D94C0CA-966F-4FE5-8378-99D99470BDF2}.Ad-Hoc|Any CPU.Build.0 = Release|Any CPU
		{7D94C0CA-966F-4FE5-8378-99D99470BDF2}.Ad-Hoc|ARM.ActiveCfg = Release|Any CPU
		{7D94C0CA-966F-4FE5-8378-99D99470BDF2}.Ad-Hoc|ARM.Build.0 = Release|Any CPU
		{7D94C0CA-966F-4FE5-8378-99D99470BDF2}.Ad-Hoc|iPhone.ActiveCfg = Release|Any CPU
		{7D94C0CA-966F-4FE5-8378-99D99470BDF2}.Ad-Hoc|iPhone.Build.0 = Release|Any CPU
		{7D94C0CA-966F-4FE5-8378-99D99470BDF2}.Ad-Hoc|iPhoneSimulator.ActiveCfg = Release|Any CPU
		{7D94C0CA-966F-4FE5-8378-99D99470BDF2}.Ad-Hoc|iPhoneSimulator.Build.0 = Release|Any CPU
		{7D94C0CA-966F-4FE5-8378-99D99470BDF2}.Ad-Hoc|x64.ActiveCfg = Release|Any CPU
		{7D94C0CA-966F-4FE5-8378-99D99470BDF2}.Ad-Hoc|x64.Build.0 = Release|Any CPU
		{7D94C0CA-966F-4FE5-8378-99D99470BDF2}.Ad-Hoc|x86.ActiveCfg = Release|Any CPU
		{7D94C0CA-966F-4FE5-8378-99D99470BDF2}.Ad-Hoc|x86.Build.0 = Release|Any CPU
		{7D94C0CA-966F-4FE5-8378-99D99470BDF2}.AppStore|Any CPU.ActiveCfg = Release|Any CPU
		{7D94C0CA-966F-4FE5-8378-99D99470BDF2}.AppStore|Any CPU.Build.0 = Release|Any CPU
		{7D94C0CA-966F-4FE5-8378-99D99470BDF2}.AppStore|ARM.ActiveCfg = Release|Any CPU
		{7D94C0CA-966F-4FE5-8378-99D99470BDF2}.AppStore|ARM.Build.0 = Release|Any CPU
		{7D94C0CA-966F-4FE5-8378-99D99470BDF2}.AppStore|iPhone.ActiveCfg = Release|Any CPU
		{7D94C0CA-966F-4FE5-8378-99D99470BDF2}.AppStore|iPhone.Build.0 = Release|Any CPU
		{7D94C0CA-966F-4FE5-8378-99D99470BDF2}.AppStore|iPhoneSimulator.ActiveCfg = Release|Any CPU
		{7D94C0CA-966F-4FE5-8378-99D99470BDF2}.AppStore|iPhoneSimulator.Build.0 = Release|Any CPU
		{7D94C0CA-966F-4FE5-8378-99D99470BDF2}.AppStore|x64.ActiveCfg = Release|Any CPU
		{7D94C0CA-966F-4FE5-8378-99D99470BDF2}.AppStore|x64.Build.0 = Release|Any CPU
		{7D94C0CA-966F-4FE5-8378-99D99470BDF2}.AppStore|x86.ActiveCfg = Release|Any CPU
		{7D94C0CA-966F-4FE5-8378-99D99470BDF2}.AppStore|x86.Build.0 = Release|Any CPU
		{7D94C0CA-966F-4FE5-8378-99D99470BDF2}.Debug|Any CPU.ActiveCfg = Debug|Any CPU
		{7D94C0CA-966F-4FE5-8378-99D99470BDF2}.Debug|Any CPU.Build.0 = Debug|Any CPU
		{7D94C0CA-966F-4FE5-8378-99D99470BDF2}.Debug|ARM.ActiveCfg = Debug|Any CPU
		{7D94C0CA-966F-4FE5-8378-99D99470BDF2}.Debug|ARM.Build.0 = Debug|Any CPU
		{7D94C0CA-966F-4FE5-8378-99D99470BDF2}.Debug|iPhone.ActiveCfg = Debug|Any CPU
		{7D94C0CA-966F-4FE5-8378-99D99470BDF2}.Debug|iPhone.Build.0 = Debug|Any CPU
		{7D94C0CA-966F-4FE5-8378-99D99470BDF2}.Debug|iPhoneSimulator.ActiveCfg = Debug|Any CPU
		{7D94C0CA-966F-4FE5-8378-99D99470BDF2}.Debug|iPhoneSimulator.Build.0 = Debug|Any CPU
		{7D94C0CA-966F-4FE5-8378-99D99470BDF2}.Debug|x64.ActiveCfg = Debug|Any CPU
		{7D94C0CA-966F-4FE5-8378-99D99470BDF2}.Debug|x64.Build.0 = Debug|Any CPU
		{7D94C0CA-966F-4FE5-8378-99D99470BDF2}.Debug|x86.ActiveCfg = Debug|Any CPU
		{7D94C0CA-966F-4FE5-8378-99D99470BDF2}.Debug|x86.Build.0 = Debug|Any CPU
		{7D94C0CA-966F-4FE5-8378-99D99470BDF2}.Release|Any CPU.ActiveCfg = Release|Any CPU
		{7D94C0CA-966F-4FE5-8378-99D99470BDF2}.Release|Any CPU.Build.0 = Release|Any CPU
		{7D94C0CA-966F-4FE5-8378-99D99470BDF2}.Release|ARM.ActiveCfg = Release|Any CPU
		{7D94C0CA-966F-4FE5-8378-99D99470BDF2}.Release|ARM.Build.0 = Release|Any CPU
		{7D94C0CA-966F-4FE5-8378-99D99470BDF2}.Release|iPhone.ActiveCfg = Release|Any CPU
		{7D94C0CA-966F-4FE5-8378-99D99470BDF2}.Release|iPhone.Build.0 = Release|Any CPU
		{7D94C0CA-966F-4FE5-8378-99D99470BDF2}.Release|iPhoneSimulator.ActiveCfg = Release|Any CPU
		{7D94C0CA-966F-4FE5-8378-99D99470BDF2}.Release|iPhoneSimulator.Build.0 = Release|Any CPU
		{7D94C0CA-966F-4FE5-8378-99D99470BDF2}.Release|x64.ActiveCfg = Release|Any CPU
		{7D94C0CA-966F-4FE5-8378-99D99470BDF2}.Release|x64.Build.0 = Release|Any CPU
		{7D94C0CA-966F-4FE5-8378-99D99470BDF2}.Release|x86.ActiveCfg = Release|Any CPU
		{7D94C0CA-966F-4FE5-8378-99D99470BDF2}.Release|x86.Build.0 = Release|Any CPU
		{24E94769-CF26-4E4D-BD3B-2B765D69E0A0}.Ad-Hoc|Any CPU.ActiveCfg = Release|Any CPU
		{24E94769-CF26-4E4D-BD3B-2B765D69E0A0}.Ad-Hoc|Any CPU.Build.0 = Release|Any CPU
		{24E94769-CF26-4E4D-BD3B-2B765D69E0A0}.Ad-Hoc|Any CPU.Deploy.0 = Release|Any CPU
		{24E94769-CF26-4E4D-BD3B-2B765D69E0A0}.Ad-Hoc|ARM.ActiveCfg = Release|Any CPU
		{24E94769-CF26-4E4D-BD3B-2B765D69E0A0}.Ad-Hoc|ARM.Build.0 = Release|Any CPU
		{24E94769-CF26-4E4D-BD3B-2B765D69E0A0}.Ad-Hoc|ARM.Deploy.0 = Release|Any CPU
		{24E94769-CF26-4E4D-BD3B-2B765D69E0A0}.Ad-Hoc|iPhone.ActiveCfg = Release|Any CPU
		{24E94769-CF26-4E4D-BD3B-2B765D69E0A0}.Ad-Hoc|iPhone.Build.0 = Release|Any CPU
		{24E94769-CF26-4E4D-BD3B-2B765D69E0A0}.Ad-Hoc|iPhone.Deploy.0 = Release|Any CPU
		{24E94769-CF26-4E4D-BD3B-2B765D69E0A0}.Ad-Hoc|iPhoneSimulator.ActiveCfg = Release|Any CPU
		{24E94769-CF26-4E4D-BD3B-2B765D69E0A0}.Ad-Hoc|iPhoneSimulator.Build.0 = Release|Any CPU
		{24E94769-CF26-4E4D-BD3B-2B765D69E0A0}.Ad-Hoc|iPhoneSimulator.Deploy.0 = Release|Any CPU
		{24E94769-CF26-4E4D-BD3B-2B765D69E0A0}.Ad-Hoc|x64.ActiveCfg = Release|Any CPU
		{24E94769-CF26-4E4D-BD3B-2B765D69E0A0}.Ad-Hoc|x64.Build.0 = Release|Any CPU
		{24E94769-CF26-4E4D-BD3B-2B765D69E0A0}.Ad-Hoc|x64.Deploy.0 = Release|Any CPU
		{24E94769-CF26-4E4D-BD3B-2B765D69E0A0}.Ad-Hoc|x86.ActiveCfg = Release|Any CPU
		{24E94769-CF26-4E4D-BD3B-2B765D69E0A0}.Ad-Hoc|x86.Build.0 = Release|Any CPU
		{24E94769-CF26-4E4D-BD3B-2B765D69E0A0}.Ad-Hoc|x86.Deploy.0 = Release|Any CPU
		{24E94769-CF26-4E4D-BD3B-2B765D69E0A0}.AppStore|Any CPU.ActiveCfg = Release|Any CPU
		{24E94769-CF26-4E4D-BD3B-2B765D69E0A0}.AppStore|Any CPU.Build.0 = Release|Any CPU
		{24E94769-CF26-4E4D-BD3B-2B765D69E0A0}.AppStore|Any CPU.Deploy.0 = Release|Any CPU
		{24E94769-CF26-4E4D-BD3B-2B765D69E0A0}.AppStore|ARM.ActiveCfg = Release|Any CPU
		{24E94769-CF26-4E4D-BD3B-2B765D69E0A0}.AppStore|ARM.Build.0 = Release|Any CPU
		{24E94769-CF26-4E4D-BD3B-2B765D69E0A0}.AppStore|ARM.Deploy.0 = Release|Any CPU
		{24E94769-CF26-4E4D-BD3B-2B765D69E0A0}.AppStore|iPhone.ActiveCfg = Release|Any CPU
		{24E94769-CF26-4E4D-BD3B-2B765D69E0A0}.AppStore|iPhone.Build.0 = Release|Any CPU
		{24E94769-CF26-4E4D-BD3B-2B765D69E0A0}.AppStore|iPhone.Deploy.0 = Release|Any CPU
		{24E94769-CF26-4E4D-BD3B-2B765D69E0A0}.AppStore|iPhoneSimulator.ActiveCfg = Release|Any CPU
		{24E94769-CF26-4E4D-BD3B-2B765D69E0A0}.AppStore|iPhoneSimulator.Build.0 = Release|Any CPU
		{24E94769-CF26-4E4D-BD3B-2B765D69E0A0}.AppStore|iPhoneSimulator.Deploy.0 = Release|Any CPU
		{24E94769-CF26-4E4D-BD3B-2B765D69E0A0}.AppStore|x64.ActiveCfg = Release|Any CPU
		{24E94769-CF26-4E4D-BD3B-2B765D69E0A0}.AppStore|x64.Build.0 = Release|Any CPU
		{24E94769-CF26-4E4D-BD3B-2B765D69E0A0}.AppStore|x64.Deploy.0 = Release|Any CPU
		{24E94769-CF26-4E4D-BD3B-2B765D69E0A0}.AppStore|x86.ActiveCfg = Release|Any CPU
		{24E94769-CF26-4E4D-BD3B-2B765D69E0A0}.AppStore|x86.Build.0 = Release|Any CPU
		{24E94769-CF26-4E4D-BD3B-2B765D69E0A0}.AppStore|x86.Deploy.0 = Release|Any CPU
		{24E94769-CF26-4E4D-BD3B-2B765D69E0A0}.Debug|Any CPU.ActiveCfg = Debug|Any CPU
		{24E94769-CF26-4E4D-BD3B-2B765D69E0A0}.Debug|Any CPU.Build.0 = Debug|Any CPU
		{24E94769-CF26-4E4D-BD3B-2B765D69E0A0}.Debug|Any CPU.Deploy.0 = Debug|Any CPU
		{24E94769-CF26-4E4D-BD3B-2B765D69E0A0}.Debug|ARM.ActiveCfg = Debug|Any CPU
		{24E94769-CF26-4E4D-BD3B-2B765D69E0A0}.Debug|ARM.Build.0 = Debug|Any CPU
		{24E94769-CF26-4E4D-BD3B-2B765D69E0A0}.Debug|ARM.Deploy.0 = Debug|Any CPU
		{24E94769-CF26-4E4D-BD3B-2B765D69E0A0}.Debug|iPhone.ActiveCfg = Debug|Any CPU
		{24E94769-CF26-4E4D-BD3B-2B765D69E0A0}.Debug|iPhone.Build.0 = Debug|Any CPU
		{24E94769-CF26-4E4D-BD3B-2B765D69E0A0}.Debug|iPhone.Deploy.0 = Debug|Any CPU
		{24E94769-CF26-4E4D-BD3B-2B765D69E0A0}.Debug|iPhoneSimulator.ActiveCfg = Debug|Any CPU
		{24E94769-CF26-4E4D-BD3B-2B765D69E0A0}.Debug|iPhoneSimulator.Build.0 = Debug|Any CPU
		{24E94769-CF26-4E4D-BD3B-2B765D69E0A0}.Debug|iPhoneSimulator.Deploy.0 = Debug|Any CPU
		{24E94769-CF26-4E4D-BD3B-2B765D69E0A0}.Debug|x64.ActiveCfg = Debug|Any CPU
		{24E94769-CF26-4E4D-BD3B-2B765D69E0A0}.Debug|x64.Build.0 = Debug|Any CPU
		{24E94769-CF26-4E4D-BD3B-2B765D69E0A0}.Debug|x64.Deploy.0 = Debug|Any CPU
		{24E94769-CF26-4E4D-BD3B-2B765D69E0A0}.Debug|x86.ActiveCfg = Debug|Any CPU
		{24E94769-CF26-4E4D-BD3B-2B765D69E0A0}.Debug|x86.Build.0 = Debug|Any CPU
		{24E94769-CF26-4E4D-BD3B-2B765D69E0A0}.Debug|x86.Deploy.0 = Debug|Any CPU
		{24E94769-CF26-4E4D-BD3B-2B765D69E0A0}.Release|Any CPU.ActiveCfg = Release|Any CPU
		{24E94769-CF26-4E4D-BD3B-2B765D69E0A0}.Release|Any CPU.Build.0 = Release|Any CPU
		{24E94769-CF26-4E4D-BD3B-2B765D69E0A0}.Release|Any CPU.Deploy.0 = Release|Any CPU
		{24E94769-CF26-4E4D-BD3B-2B765D69E0A0}.Release|ARM.ActiveCfg = Release|Any CPU
		{24E94769-CF26-4E4D-BD3B-2B765D69E0A0}.Release|ARM.Build.0 = Release|Any CPU
		{24E94769-CF26-4E4D-BD3B-2B765D69E0A0}.Release|ARM.Deploy.0 = Release|Any CPU
		{24E94769-CF26-4E4D-BD3B-2B765D69E0A0}.Release|iPhone.ActiveCfg = Release|Any CPU
		{24E94769-CF26-4E4D-BD3B-2B765D69E0A0}.Release|iPhone.Build.0 = Release|Any CPU
		{24E94769-CF26-4E4D-BD3B-2B765D69E0A0}.Release|iPhone.Deploy.0 = Release|Any CPU
		{24E94769-CF26-4E4D-BD3B-2B765D69E0A0}.Release|iPhoneSimulator.ActiveCfg = Release|Any CPU
		{24E94769-CF26-4E4D-BD3B-2B765D69E0A0}.Release|iPhoneSimulator.Build.0 = Release|Any CPU
		{24E94769-CF26-4E4D-BD3B-2B765D69E0A0}.Release|iPhoneSimulator.Deploy.0 = Release|Any CPU
		{24E94769-CF26-4E4D-BD3B-2B765D69E0A0}.Release|x64.ActiveCfg = Release|Any CPU
		{24E94769-CF26-4E4D-BD3B-2B765D69E0A0}.Release|x64.Build.0 = Release|Any CPU
		{24E94769-CF26-4E4D-BD3B-2B765D69E0A0}.Release|x64.Deploy.0 = Release|Any CPU
		{24E94769-CF26-4E4D-BD3B-2B765D69E0A0}.Release|x86.ActiveCfg = Release|Any CPU
		{24E94769-CF26-4E4D-BD3B-2B765D69E0A0}.Release|x86.Build.0 = Release|Any CPU
		{24E94769-CF26-4E4D-BD3B-2B765D69E0A0}.Release|x86.Deploy.0 = Release|Any CPU
		{DEB122B9-ACC3-4BE8-B2D9-5B0F830233B5}.Ad-Hoc|Any CPU.ActiveCfg = Ad-Hoc|iPhone
		{DEB122B9-ACC3-4BE8-B2D9-5B0F830233B5}.Ad-Hoc|ARM.ActiveCfg = Ad-Hoc|iPhone
		{DEB122B9-ACC3-4BE8-B2D9-5B0F830233B5}.Ad-Hoc|iPhone.ActiveCfg = Ad-Hoc|iPhone
		{DEB122B9-ACC3-4BE8-B2D9-5B0F830233B5}.Ad-Hoc|iPhone.Build.0 = Ad-Hoc|iPhone
		{DEB122B9-ACC3-4BE8-B2D9-5B0F830233B5}.Ad-Hoc|iPhoneSimulator.ActiveCfg = Ad-Hoc|iPhoneSimulator
		{DEB122B9-ACC3-4BE8-B2D9-5B0F830233B5}.Ad-Hoc|iPhoneSimulator.Build.0 = Ad-Hoc|iPhoneSimulator
		{DEB122B9-ACC3-4BE8-B2D9-5B0F830233B5}.Ad-Hoc|x64.ActiveCfg = Ad-Hoc|iPhone
		{DEB122B9-ACC3-4BE8-B2D9-5B0F830233B5}.Ad-Hoc|x86.ActiveCfg = Ad-Hoc|iPhone
		{DEB122B9-ACC3-4BE8-B2D9-5B0F830233B5}.AppStore|Any CPU.ActiveCfg = AppStore|iPhone
		{DEB122B9-ACC3-4BE8-B2D9-5B0F830233B5}.AppStore|ARM.ActiveCfg = AppStore|iPhone
		{DEB122B9-ACC3-4BE8-B2D9-5B0F830233B5}.AppStore|iPhone.ActiveCfg = AppStore|iPhone
		{DEB122B9-ACC3-4BE8-B2D9-5B0F830233B5}.AppStore|iPhone.Build.0 = AppStore|iPhone
		{DEB122B9-ACC3-4BE8-B2D9-5B0F830233B5}.AppStore|iPhoneSimulator.ActiveCfg = AppStore|iPhoneSimulator
		{DEB122B9-ACC3-4BE8-B2D9-5B0F830233B5}.AppStore|iPhoneSimulator.Build.0 = AppStore|iPhoneSimulator
		{DEB122B9-ACC3-4BE8-B2D9-5B0F830233B5}.AppStore|x64.ActiveCfg = AppStore|iPhone
		{DEB122B9-ACC3-4BE8-B2D9-5B0F830233B5}.AppStore|x86.ActiveCfg = AppStore|iPhone
		{DEB122B9-ACC3-4BE8-B2D9-5B0F830233B5}.Debug|Any CPU.ActiveCfg = Debug|iPhone
		{DEB122B9-ACC3-4BE8-B2D9-5B0F830233B5}.Debug|ARM.ActiveCfg = Debug|iPhone
		{DEB122B9-ACC3-4BE8-B2D9-5B0F830233B5}.Debug|iPhone.ActiveCfg = Debug|iPhone
		{DEB122B9-ACC3-4BE8-B2D9-5B0F830233B5}.Debug|iPhone.Build.0 = Debug|iPhone
		{DEB122B9-ACC3-4BE8-B2D9-5B0F830233B5}.Debug|iPhoneSimulator.ActiveCfg = Debug|iPhoneSimulator
		{DEB122B9-ACC3-4BE8-B2D9-5B0F830233B5}.Debug|iPhoneSimulator.Build.0 = Debug|iPhoneSimulator
		{DEB122B9-ACC3-4BE8-B2D9-5B0F830233B5}.Debug|x64.ActiveCfg = Debug|iPhone
		{DEB122B9-ACC3-4BE8-B2D9-5B0F830233B5}.Debug|x86.ActiveCfg = Debug|iPhone
		{DEB122B9-ACC3-4BE8-B2D9-5B0F830233B5}.Release|Any CPU.ActiveCfg = Release|iPhone
		{DEB122B9-ACC3-4BE8-B2D9-5B0F830233B5}.Release|ARM.ActiveCfg = Release|iPhone
		{DEB122B9-ACC3-4BE8-B2D9-5B0F830233B5}.Release|iPhone.ActiveCfg = Release|iPhone
		{DEB122B9-ACC3-4BE8-B2D9-5B0F830233B5}.Release|iPhone.Build.0 = Release|iPhone
		{DEB122B9-ACC3-4BE8-B2D9-5B0F830233B5}.Release|iPhoneSimulator.ActiveCfg = Release|iPhoneSimulator
		{DEB122B9-ACC3-4BE8-B2D9-5B0F830233B5}.Release|iPhoneSimulator.Build.0 = Release|iPhoneSimulator
		{DEB122B9-ACC3-4BE8-B2D9-5B0F830233B5}.Release|x64.ActiveCfg = Release|iPhone
		{DEB122B9-ACC3-4BE8-B2D9-5B0F830233B5}.Release|x86.ActiveCfg = Release|iPhone
		{4C53FEBA-AC17-418D-B921-86593397DF3E}.Ad-Hoc|Any CPU.ActiveCfg = Release|Any CPU
		{4C53FEBA-AC17-418D-B921-86593397DF3E}.Ad-Hoc|Any CPU.Build.0 = Release|Any CPU
		{4C53FEBA-AC17-418D-B921-86593397DF3E}.Ad-Hoc|Any CPU.Deploy.0 = Release|Any CPU
		{4C53FEBA-AC17-418D-B921-86593397DF3E}.Ad-Hoc|ARM.ActiveCfg = Release|ARM
		{4C53FEBA-AC17-418D-B921-86593397DF3E}.Ad-Hoc|ARM.Build.0 = Release|ARM
		{4C53FEBA-AC17-418D-B921-86593397DF3E}.Ad-Hoc|ARM.Deploy.0 = Release|ARM
		{4C53FEBA-AC17-418D-B921-86593397DF3E}.Ad-Hoc|iPhone.ActiveCfg = Release|Any CPU
		{4C53FEBA-AC17-418D-B921-86593397DF3E}.Ad-Hoc|iPhone.Build.0 = Release|Any CPU
		{4C53FEBA-AC17-418D-B921-86593397DF3E}.Ad-Hoc|iPhone.Deploy.0 = Release|Any CPU
		{4C53FEBA-AC17-418D-B921-86593397DF3E}.Ad-Hoc|iPhoneSimulator.ActiveCfg = Release|Any CPU
		{4C53FEBA-AC17-418D-B921-86593397DF3E}.Ad-Hoc|iPhoneSimulator.Build.0 = Release|Any CPU
		{4C53FEBA-AC17-418D-B921-86593397DF3E}.Ad-Hoc|iPhoneSimulator.Deploy.0 = Release|Any CPU
		{4C53FEBA-AC17-418D-B921-86593397DF3E}.Ad-Hoc|x64.ActiveCfg = Release|Any CPU
		{4C53FEBA-AC17-418D-B921-86593397DF3E}.Ad-Hoc|x64.Build.0 = Release|Any CPU
		{4C53FEBA-AC17-418D-B921-86593397DF3E}.Ad-Hoc|x64.Deploy.0 = Release|Any CPU
		{4C53FEBA-AC17-418D-B921-86593397DF3E}.Ad-Hoc|x86.ActiveCfg = Release|x86
		{4C53FEBA-AC17-418D-B921-86593397DF3E}.Ad-Hoc|x86.Build.0 = Release|x86
		{4C53FEBA-AC17-418D-B921-86593397DF3E}.Ad-Hoc|x86.Deploy.0 = Release|x86
		{4C53FEBA-AC17-418D-B921-86593397DF3E}.AppStore|Any CPU.ActiveCfg = Release|Any CPU
		{4C53FEBA-AC17-418D-B921-86593397DF3E}.AppStore|Any CPU.Build.0 = Release|Any CPU
		{4C53FEBA-AC17-418D-B921-86593397DF3E}.AppStore|Any CPU.Deploy.0 = Release|Any CPU
		{4C53FEBA-AC17-418D-B921-86593397DF3E}.AppStore|ARM.ActiveCfg = Release|ARM
		{4C53FEBA-AC17-418D-B921-86593397DF3E}.AppStore|ARM.Build.0 = Release|ARM
		{4C53FEBA-AC17-418D-B921-86593397DF3E}.AppStore|ARM.Deploy.0 = Release|ARM
		{4C53FEBA-AC17-418D-B921-86593397DF3E}.AppStore|iPhone.ActiveCfg = Release|Any CPU
		{4C53FEBA-AC17-418D-B921-86593397DF3E}.AppStore|iPhone.Build.0 = Release|Any CPU
		{4C53FEBA-AC17-418D-B921-86593397DF3E}.AppStore|iPhone.Deploy.0 = Release|Any CPU
		{4C53FEBA-AC17-418D-B921-86593397DF3E}.AppStore|iPhoneSimulator.ActiveCfg = Release|Any CPU
		{4C53FEBA-AC17-418D-B921-86593397DF3E}.AppStore|iPhoneSimulator.Build.0 = Release|Any CPU
		{4C53FEBA-AC17-418D-B921-86593397DF3E}.AppStore|iPhoneSimulator.Deploy.0 = Release|Any CPU
		{4C53FEBA-AC17-418D-B921-86593397DF3E}.AppStore|x64.ActiveCfg = Release|Any CPU
		{4C53FEBA-AC17-418D-B921-86593397DF3E}.AppStore|x64.Build.0 = Release|Any CPU
		{4C53FEBA-AC17-418D-B921-86593397DF3E}.AppStore|x64.Deploy.0 = Release|Any CPU
		{4C53FEBA-AC17-418D-B921-86593397DF3E}.AppStore|x86.ActiveCfg = Release|x86
		{4C53FEBA-AC17-418D-B921-86593397DF3E}.AppStore|x86.Build.0 = Release|x86
		{4C53FEBA-AC17-418D-B921-86593397DF3E}.AppStore|x86.Deploy.0 = Release|x86
		{4C53FEBA-AC17-418D-B921-86593397DF3E}.Debug|Any CPU.ActiveCfg = Debug|Any CPU
		{4C53FEBA-AC17-418D-B921-86593397DF3E}.Debug|Any CPU.Build.0 = Debug|Any CPU
		{4C53FEBA-AC17-418D-B921-86593397DF3E}.Debug|Any CPU.Deploy.0 = Debug|Any CPU
		{4C53FEBA-AC17-418D-B921-86593397DF3E}.Debug|ARM.ActiveCfg = Debug|ARM
		{4C53FEBA-AC17-418D-B921-86593397DF3E}.Debug|ARM.Build.0 = Debug|ARM
		{4C53FEBA-AC17-418D-B921-86593397DF3E}.Debug|ARM.Deploy.0 = Debug|ARM
		{4C53FEBA-AC17-418D-B921-86593397DF3E}.Debug|iPhone.ActiveCfg = Debug|Any CPU
		{4C53FEBA-AC17-418D-B921-86593397DF3E}.Debug|iPhone.Build.0 = Debug|Any CPU
		{4C53FEBA-AC17-418D-B921-86593397DF3E}.Debug|iPhone.Deploy.0 = Debug|Any CPU
		{4C53FEBA-AC17-418D-B921-86593397DF3E}.Debug|iPhoneSimulator.ActiveCfg = Debug|Any CPU
		{4C53FEBA-AC17-418D-B921-86593397DF3E}.Debug|iPhoneSimulator.Build.0 = Debug|Any CPU
		{4C53FEBA-AC17-418D-B921-86593397DF3E}.Debug|iPhoneSimulator.Deploy.0 = Debug|Any CPU
		{4C53FEBA-AC17-418D-B921-86593397DF3E}.Debug|x64.ActiveCfg = Debug|Any CPU
		{4C53FEBA-AC17-418D-B921-86593397DF3E}.Debug|x64.Build.0 = Debug|Any CPU
		{4C53FEBA-AC17-418D-B921-86593397DF3E}.Debug|x64.Deploy.0 = Debug|Any CPU
		{4C53FEBA-AC17-418D-B921-86593397DF3E}.Debug|x86.ActiveCfg = Debug|x86
		{4C53FEBA-AC17-418D-B921-86593397DF3E}.Debug|x86.Build.0 = Debug|x86
		{4C53FEBA-AC17-418D-B921-86593397DF3E}.Debug|x86.Deploy.0 = Debug|x86
		{4C53FEBA-AC17-418D-B921-86593397DF3E}.Release|Any CPU.ActiveCfg = Release|Any CPU
		{4C53FEBA-AC17-418D-B921-86593397DF3E}.Release|Any CPU.Build.0 = Release|Any CPU
		{4C53FEBA-AC17-418D-B921-86593397DF3E}.Release|Any CPU.Deploy.0 = Release|Any CPU
		{4C53FEBA-AC17-418D-B921-86593397DF3E}.Release|ARM.ActiveCfg = Release|ARM
		{4C53FEBA-AC17-418D-B921-86593397DF3E}.Release|ARM.Build.0 = Release|ARM
		{4C53FEBA-AC17-418D-B921-86593397DF3E}.Release|ARM.Deploy.0 = Release|ARM
		{4C53FEBA-AC17-418D-B921-86593397DF3E}.Release|iPhone.ActiveCfg = Release|Any CPU
		{4C53FEBA-AC17-418D-B921-86593397DF3E}.Release|iPhone.Build.0 = Release|Any CPU
		{4C53FEBA-AC17-418D-B921-86593397DF3E}.Release|iPhone.Deploy.0 = Release|Any CPU
		{4C53FEBA-AC17-418D-B921-86593397DF3E}.Release|iPhoneSimulator.ActiveCfg = Release|Any CPU
		{4C53FEBA-AC17-418D-B921-86593397DF3E}.Release|iPhoneSimulator.Build.0 = Release|Any CPU
		{4C53FEBA-AC17-418D-B921-86593397DF3E}.Release|iPhoneSimulator.Deploy.0 = Release|Any CPU
		{4C53FEBA-AC17-418D-B921-86593397DF3E}.Release|x64.ActiveCfg = Release|Any CPU
		{4C53FEBA-AC17-418D-B921-86593397DF3E}.Release|x64.Build.0 = Release|Any CPU
		{4C53FEBA-AC17-418D-B921-86593397DF3E}.Release|x64.Deploy.0 = Release|Any CPU
		{4C53FEBA-AC17-418D-B921-86593397DF3E}.Release|x86.ActiveCfg = Release|x86
		{4C53FEBA-AC17-418D-B921-86593397DF3E}.Release|x86.Build.0 = Release|x86
		{4C53FEBA-AC17-418D-B921-86593397DF3E}.Release|x86.Deploy.0 = Release|x86
		{F3F9A5A8-A4C1-4D35-930F-F7ADF74ACD4F}.Ad-Hoc|Any CPU.ActiveCfg = Release|Any CPU
		{F3F9A5A8-A4C1-4D35-930F-F7ADF74ACD4F}.Ad-Hoc|Any CPU.Build.0 = Release|Any CPU
		{F3F9A5A8-A4C1-4D35-930F-F7ADF74ACD4F}.Ad-Hoc|Any CPU.Deploy.0 = Release|Any CPU
		{F3F9A5A8-A4C1-4D35-930F-F7ADF74ACD4F}.Ad-Hoc|ARM.ActiveCfg = Release|ARM
		{F3F9A5A8-A4C1-4D35-930F-F7ADF74ACD4F}.Ad-Hoc|ARM.Build.0 = Release|ARM
		{F3F9A5A8-A4C1-4D35-930F-F7ADF74ACD4F}.Ad-Hoc|ARM.Deploy.0 = Release|ARM
		{F3F9A5A8-A4C1-4D35-930F-F7ADF74ACD4F}.Ad-Hoc|iPhone.ActiveCfg = Release|Any CPU
		{F3F9A5A8-A4C1-4D35-930F-F7ADF74ACD4F}.Ad-Hoc|iPhone.Build.0 = Release|Any CPU
		{F3F9A5A8-A4C1-4D35-930F-F7ADF74ACD4F}.Ad-Hoc|iPhone.Deploy.0 = Release|Any CPU
		{F3F9A5A8-A4C1-4D35-930F-F7ADF74ACD4F}.Ad-Hoc|iPhoneSimulator.ActiveCfg = Release|Any CPU
		{F3F9A5A8-A4C1-4D35-930F-F7ADF74ACD4F}.Ad-Hoc|iPhoneSimulator.Build.0 = Release|Any CPU
		{F3F9A5A8-A4C1-4D35-930F-F7ADF74ACD4F}.Ad-Hoc|iPhoneSimulator.Deploy.0 = Release|Any CPU
		{F3F9A5A8-A4C1-4D35-930F-F7ADF74ACD4F}.Ad-Hoc|x64.ActiveCfg = Release|x64
		{F3F9A5A8-A4C1-4D35-930F-F7ADF74ACD4F}.Ad-Hoc|x64.Build.0 = Release|x64
		{F3F9A5A8-A4C1-4D35-930F-F7ADF74ACD4F}.Ad-Hoc|x64.Deploy.0 = Release|x64
		{F3F9A5A8-A4C1-4D35-930F-F7ADF74ACD4F}.Ad-Hoc|x86.ActiveCfg = Release|x86
		{F3F9A5A8-A4C1-4D35-930F-F7ADF74ACD4F}.Ad-Hoc|x86.Build.0 = Release|x86
		{F3F9A5A8-A4C1-4D35-930F-F7ADF74ACD4F}.Ad-Hoc|x86.Deploy.0 = Release|x86
		{F3F9A5A8-A4C1-4D35-930F-F7ADF74ACD4F}.AppStore|Any CPU.ActiveCfg = Release|Any CPU
		{F3F9A5A8-A4C1-4D35-930F-F7ADF74ACD4F}.AppStore|Any CPU.Build.0 = Release|Any CPU
		{F3F9A5A8-A4C1-4D35-930F-F7ADF74ACD4F}.AppStore|Any CPU.Deploy.0 = Release|Any CPU
		{F3F9A5A8-A4C1-4D35-930F-F7ADF74ACD4F}.AppStore|ARM.ActiveCfg = Release|ARM
		{F3F9A5A8-A4C1-4D35-930F-F7ADF74ACD4F}.AppStore|ARM.Build.0 = Release|ARM
		{F3F9A5A8-A4C1-4D35-930F-F7ADF74ACD4F}.AppStore|ARM.Deploy.0 = Release|ARM
		{F3F9A5A8-A4C1-4D35-930F-F7ADF74ACD4F}.AppStore|iPhone.ActiveCfg = Release|Any CPU
		{F3F9A5A8-A4C1-4D35-930F-F7ADF74ACD4F}.AppStore|iPhone.Build.0 = Release|Any CPU
		{F3F9A5A8-A4C1-4D35-930F-F7ADF74ACD4F}.AppStore|iPhone.Deploy.0 = Release|Any CPU
		{F3F9A5A8-A4C1-4D35-930F-F7ADF74ACD4F}.AppStore|iPhoneSimulator.ActiveCfg = Release|Any CPU
		{F3F9A5A8-A4C1-4D35-930F-F7ADF74ACD4F}.AppStore|iPhoneSimulator.Build.0 = Release|Any CPU
		{F3F9A5A8-A4C1-4D35-930F-F7ADF74ACD4F}.AppStore|iPhoneSimulator.Deploy.0 = Release|Any CPU
		{F3F9A5A8-A4C1-4D35-930F-F7ADF74ACD4F}.AppStore|x64.ActiveCfg = Release|x64
		{F3F9A5A8-A4C1-4D35-930F-F7ADF74ACD4F}.AppStore|x64.Build.0 = Release|x64
		{F3F9A5A8-A4C1-4D35-930F-F7ADF74ACD4F}.AppStore|x64.Deploy.0 = Release|x64
		{F3F9A5A8-A4C1-4D35-930F-F7ADF74ACD4F}.AppStore|x86.ActiveCfg = Release|x86
		{F3F9A5A8-A4C1-4D35-930F-F7ADF74ACD4F}.AppStore|x86.Build.0 = Release|x86
		{F3F9A5A8-A4C1-4D35-930F-F7ADF74ACD4F}.AppStore|x86.Deploy.0 = Release|x86
		{F3F9A5A8-A4C1-4D35-930F-F7ADF74ACD4F}.Debug|Any CPU.ActiveCfg = Debug|Any CPU
		{F3F9A5A8-A4C1-4D35-930F-F7ADF74ACD4F}.Debug|Any CPU.Build.0 = Debug|Any CPU
		{F3F9A5A8-A4C1-4D35-930F-F7ADF74ACD4F}.Debug|Any CPU.Deploy.0 = Debug|Any CPU
		{F3F9A5A8-A4C1-4D35-930F-F7ADF74ACD4F}.Debug|ARM.ActiveCfg = Debug|ARM
		{F3F9A5A8-A4C1-4D35-930F-F7ADF74ACD4F}.Debug|ARM.Build.0 = Debug|ARM
		{F3F9A5A8-A4C1-4D35-930F-F7ADF74ACD4F}.Debug|ARM.Deploy.0 = Debug|ARM
		{F3F9A5A8-A4C1-4D35-930F-F7ADF74ACD4F}.Debug|iPhone.ActiveCfg = Debug|Any CPU
		{F3F9A5A8-A4C1-4D35-930F-F7ADF74ACD4F}.Debug|iPhone.Build.0 = Debug|Any CPU
		{F3F9A5A8-A4C1-4D35-930F-F7ADF74ACD4F}.Debug|iPhone.Deploy.0 = Debug|Any CPU
		{F3F9A5A8-A4C1-4D35-930F-F7ADF74ACD4F}.Debug|iPhoneSimulator.ActiveCfg = Debug|Any CPU
		{F3F9A5A8-A4C1-4D35-930F-F7ADF74ACD4F}.Debug|iPhoneSimulator.Build.0 = Debug|Any CPU
		{F3F9A5A8-A4C1-4D35-930F-F7ADF74ACD4F}.Debug|iPhoneSimulator.Deploy.0 = Debug|Any CPU
		{F3F9A5A8-A4C1-4D35-930F-F7ADF74ACD4F}.Debug|x64.ActiveCfg = Debug|x64
		{F3F9A5A8-A4C1-4D35-930F-F7ADF74ACD4F}.Debug|x64.Build.0 = Debug|x64
		{F3F9A5A8-A4C1-4D35-930F-F7ADF74ACD4F}.Debug|x64.Deploy.0 = Debug|x64
		{F3F9A5A8-A4C1-4D35-930F-F7ADF74ACD4F}.Debug|x86.ActiveCfg = Debug|x86
		{F3F9A5A8-A4C1-4D35-930F-F7ADF74ACD4F}.Debug|x86.Build.0 = Debug|x86
		{F3F9A5A8-A4C1-4D35-930F-F7ADF74ACD4F}.Debug|x86.Deploy.0 = Debug|x86
		{F3F9A5A8-A4C1-4D35-930F-F7ADF74ACD4F}.Release|Any CPU.ActiveCfg = Release|Any CPU
		{F3F9A5A8-A4C1-4D35-930F-F7ADF74ACD4F}.Release|Any CPU.Build.0 = Release|Any CPU
		{F3F9A5A8-A4C1-4D35-930F-F7ADF74ACD4F}.Release|Any CPU.Deploy.0 = Release|Any CPU
		{F3F9A5A8-A4C1-4D35-930F-F7ADF74ACD4F}.Release|ARM.ActiveCfg = Release|ARM
		{F3F9A5A8-A4C1-4D35-930F-F7ADF74ACD4F}.Release|ARM.Build.0 = Release|ARM
		{F3F9A5A8-A4C1-4D35-930F-F7ADF74ACD4F}.Release|ARM.Deploy.0 = Release|ARM
		{F3F9A5A8-A4C1-4D35-930F-F7ADF74ACD4F}.Release|iPhone.ActiveCfg = Release|Any CPU
		{F3F9A5A8-A4C1-4D35-930F-F7ADF74ACD4F}.Release|iPhone.Build.0 = Release|Any CPU
		{F3F9A5A8-A4C1-4D35-930F-F7ADF74ACD4F}.Release|iPhone.Deploy.0 = Release|Any CPU
		{F3F9A5A8-A4C1-4D35-930F-F7ADF74ACD4F}.Release|iPhoneSimulator.ActiveCfg = Release|Any CPU
		{F3F9A5A8-A4C1-4D35-930F-F7ADF74ACD4F}.Release|iPhoneSimulator.Build.0 = Release|Any CPU
		{F3F9A5A8-A4C1-4D35-930F-F7ADF74ACD4F}.Release|iPhoneSimulator.Deploy.0 = Release|Any CPU
		{F3F9A5A8-A4C1-4D35-930F-F7ADF74ACD4F}.Release|x64.ActiveCfg = Release|x64
		{F3F9A5A8-A4C1-4D35-930F-F7ADF74ACD4F}.Release|x64.Build.0 = Release|x64
		{F3F9A5A8-A4C1-4D35-930F-F7ADF74ACD4F}.Release|x64.Deploy.0 = Release|x64
		{F3F9A5A8-A4C1-4D35-930F-F7ADF74ACD4F}.Release|x86.ActiveCfg = Release|x86
		{F3F9A5A8-A4C1-4D35-930F-F7ADF74ACD4F}.Release|x86.Build.0 = Release|x86
		{F3F9A5A8-A4C1-4D35-930F-F7ADF74ACD4F}.Release|x86.Deploy.0 = Release|x86
	EndGlobalSection
	GlobalSection(SolutionProperties) = preSolution
		HideSolutionNode = FALSE
	EndGlobalSection
EndGlobal
